
Microsoft Visual Studio Solution File, Format Version 12.00
# Visual Studio 15
VisualStudioVersion = 15.0.27703.2026
MinimumVisualStudioVersion = 10.0.40219.1
Project("{9092AA53-FB77-4645-B42D-1CCCA6BD08BD}") = "ThreeJS", "ThreeJS\ThreeJS.njsproj", "{7AE5A628-65E7-4833-A4DB-D766955F22AB}"
EndProject
Global
	GlobalSection(SolutionConfigurationPlatforms) = preSolution
		Debug|Any CPU = Debug|Any CPU
		Release|Any CPU = Release|Any CPU
	EndGlobalSection
	GlobalSection(ProjectConfigurationPlatforms) = postSolution
		{7AE5A628-65E7-4833-A4DB-D766955F22AB}.Debug|Any CPU.ActiveCfg = Debug|Any CPU
		{7AE5A628-65E7-4833-A4DB-D766955F22AB}.Debug|Any CPU.Build.0 = Debug|Any CPU
		{7AE5A628-65E7-4833-A4DB-D766955F22AB}.Release|Any CPU.ActiveCfg = Release|Any CPU
		{7AE5A628-65E7-4833-A4DB-D766955F22AB}.Release|Any CPU.Build.0 = Release|Any CPU
	EndGlobalSection
	GlobalSection(SolutionProperties) = preSolution
		HideSolutionNode = FALSE
	EndGlobalSection
	GlobalSection(ExtensibilityGlobals) = postSolution
		SolutionGuid = {0F08083F-40AB-42EE-94BD-362AF480B127}
	EndGlobalSection
EndGlobal
